
Microsoft Visual Studio Solution File, Format Version 12.00
# Visual Studio Version 17
VisualStudioVersion = 17.9.34728.123
MinimumVisualStudioVersion = 10.0.40219.1
Project("{FAE04EC0-301F-11D3-BF4B-00C04F79EFBC}") = "PushNotificationFunction", "PushNotificationFunction\PushNotificationFunction.csproj", "{9433641C-353E-460B-A9EF-2F74C5D73CB6}"
EndProject
Global
	GlobalSection(SolutionConfigurationPlatforms) = preSolution
		Debug|Any CPU = Debug|Any CPU
		Release|Any CPU = Release|Any CPU
	EndGlobalSection
	GlobalSection(ProjectConfigurationPlatforms) = postSolution
		{9433641C-353E-460B-A9EF-2F74C5D73CB6}.Debug|Any CPU.ActiveCfg = Debug|Any CPU
		{9433641C-353E-460B-A9EF-2F74C5D73CB6}.Debug|Any CPU.Build.0 = Debug|Any CPU
		{9433641C-353E-460B-A9EF-2F74C5D73CB6}.Release|Any CPU.ActiveCfg = Release|Any CPU
		{9433641C-353E-460B-A9EF-2F74C5D73CB6}.Release|Any CPU.Build.0 = Release|Any CPU
	EndGlobalSection
	GlobalSection(SolutionProperties) = preSolution
		HideSolutionNode = FALSE
	EndGlobalSection
	GlobalSection(ExtensibilityGlobals) = postSolution
		SolutionGuid = {3EA7F6AD-DCF9-40F1-916C-03CE843D853A}
	EndGlobalSection
EndGlobal
